
Microsoft Visual Studio Solution File, Format Version 12.00
# Visual Studio 15
VisualStudioVersion = 15.0.28307.1000
MinimumVisualStudioVersion = 10.0.40219.1
Project("{9A19103F-16F7-4668-BE54-9A1E7A4F7556}") = "FSMS.Web", "FSMS.Web\FSMS.Web.csproj", "{F01FA4E5-D8BA-42F5-BCB0-7CF98E36B0B1}"
EndProject
Project("{2150E333-8FDC-42A3-9474-1A3956D46DE8}") = "05.Web前端界面", "05.Web前端界面", "{7266C612-11E4-45D5-9FE6-77EBF10E5B91}"
EndProject
Project("{2150E333-8FDC-42A3-9474-1A3956D46DE8}") = "01.Framework基础框架层", "01.Framework基础框架层", "{7C2197C6-8D8C-4689-A089-0C8E8A740538}"
EndProject
Project("{2150E333-8FDC-42A3-9474-1A3956D46DE8}") = "02.DataAccess数据库访问层", "02.DataAccess数据库访问层", "{727D2B63-3BF7-4F3B-8B42-5F80D06086FD}"
EndProject
Project("{2150E333-8FDC-42A3-9474-1A3956D46DE8}") = "03.Business业务逻辑层", "03.Business业务逻辑层", "{CC28BFD1-4A87-4DD0-AA14-0537297508C4}"
EndProject
Project("{2150E333-8FDC-42A3-9474-1A3956D46DE8}") = "04.Entity数据实体抽象层", "04.Entity数据实体抽象层", "{9E1DF54D-30E8-48BD-BB3F-05EBFFE137D5}"
EndProject
Project("{2150E333-8FDC-42A3-9474-1A3956D46DE8}") = "06.插件层", "06.插件层", "{A56BBB25-D6FD-419E-BCD1-AB00124A3121}"
EndProject
Project("{2150E333-8FDC-42A3-9474-1A3956D46DE8}") = "07.单元测试层", "07.单元测试层", "{87F4978F-4528-4AC1-AFCE-547BFCD98255}"
EndProject
Project("{9A19103F-16F7-4668-BE54-9A1E7A4F7556}") = "FSMS.Web.Code", "FSMS.Web.Code\FSMS.Web.Code.csproj", "{853E30C1-F831-4B27-933C-3FACE1DF6899}"
EndProject
Project("{9A19103F-16F7-4668-BE54-9A1E7A4F7556}") = "FSMS.Util", "FSMS.Util\FSMS.Util.csproj", "{AAF7098E-600A-4350-A2D9-C707DD3AA0B9}"
EndProject
Project("{2150E333-8FDC-42A3-9474-1A3956D46DE8}") = "Cache数据缓存接口", "Cache数据缓存接口", "{9F8587DA-D7B5-4AE6-9E2D-10BC517BBAEF}"
EndProject
Project("{9A19103F-16F7-4668-BE54-9A1E7A4F7556}") = "FSMS.Cache.Factory", "FSMS.Cache.Factory\FSMS.Cache.Factory.csproj", "{088BFD81-6409-47D2-85EF-0C9ABDB511F9}"
EndProject
Project("{9A19103F-16F7-4668-BE54-9A1E7A4F7556}") = "FSMS.MemoryCache", "FSMS.MemoryCache\FSMS.MemoryCache.csproj", "{5BA39830-374C-4461-8CA9-362706F347A9}"
EndProject
Project("{9A19103F-16F7-4668-BE54-9A1E7A4F7556}") = "FSMS.Cache.Interface", "FSMS.Cache.Interface\FSMS.Cache.Interface.csproj", "{61B6C24E-B359-475C-890F-00AAB909EE14}"
EndProject
Project("{9A19103F-16F7-4668-BE54-9A1E7A4F7556}") = "FSMS.Data.EF", "FSMS.Data.EF\FSMS.Data.EF.csproj", "{943CEAF3-7475-45CE-B211-ED1110702824}"
EndProject
Project("{9A19103F-16F7-4668-BE54-9A1E7A4F7556}") = "FSMS.Data", "FSMS.Data\FSMS.Data.csproj", "{D3F94C12-6137-4504-A370-CA69F388D930}"
EndProject
Project("{9A19103F-16F7-4668-BE54-9A1E7A4F7556}") = "FSMS.Entity", "FSMS.Entity\FSMS.Entity.csproj", "{3B80401D-CDFC-4630-A322-41C4FF4D5FEF}"
EndProject
Project("{9A19103F-16F7-4668-BE54-9A1E7A4F7556}") = "FSMS.IdGenerator", "FSMS.IdGenerator\FSMS.IdGenerator.csproj", "{E1A4FCB3-5A10-4CEC-9B6F-41B3299253DC}"
EndProject
Project("{9A19103F-16F7-4668-BE54-9A1E7A4F7556}") = "FSMS.Enum", "FSMS.Enum\FSMS.Enum.csproj", "{B7C59B62-EA28-4BEB-A104-EFFF7F460042}"
EndProject
Project("{9A19103F-16F7-4668-BE54-9A1E7A4F7556}") = "FSMS.Business", "FSMS.Business\FSMS.Business.csproj", "{43CD3A74-7D33-4520-97CB-A627FCCA13C8}"
EndProject
Project("{9A19103F-16F7-4668-BE54-9A1E7A4F7556}") = "FSMS.Data.Repository", "FSMS.Data.Repository\FSMS.Data.Repository.csproj", "{E9457430-A666-4791-80C3-9D304C2CA4E2}"
EndProject
Project("{9A19103F-16F7-4668-BE54-9A1E7A4F7556}") = "FSMS.Business.Cache", "FSMS.Business.Cache\FSMS.Business.Cache.csproj", "{30A7F4E6-7874-4DE4-8C42-4BD6C76B7E6D}"
EndProject
Project("{9A19103F-16F7-4668-BE54-9A1E7A4F7556}") = "FSMS.Business.AutoJob", "FSMS.Business.AutoJob\FSMS.Business.AutoJob.csproj", "{4C5A583F-733A-4A56-8194-4DA12A3865B1}"
EndProject
Project("{9A19103F-16F7-4668-BE54-9A1E7A4F7556}") = "FSMS.Service", "FSMS.Service\FSMS.Service.csproj", "{1C15ADF8-61E0-4FB3-97BC-08F9135559F3}"
EndProject
Project("{9A19103F-16F7-4668-BE54-9A1E7A4F7556}") = "FSMS.Model", "FSMS.Model\FSMS.Model.csproj", "{7AC3399B-C74F-4CCC-A0FD-D4891BEA99A0}"
EndProject
Project("{FAE04EC0-301F-11D3-BF4B-00C04F79EFBC}") = "FSMS.CodeGenerator", "FSMS.CodeGenerator\FSMS.CodeGenerator.csproj", "{CAAF1432-F7A4-4128-B003-03A072919F42}"
EndProject
Project("{FAE04EC0-301F-11D3-BF4B-00C04F79EFBC}") = "FSMS.UtilTest", "FSMS.UtilTest\FSMS.UtilTest.csproj", "{2E6F229E-2807-41CA-A869-365A356B825F}"
EndProject
Project("{FAE04EC0-301F-11D3-BF4B-00C04F79EFBC}") = "FSMS.WebApi", "FSMS.WebApi\FSMS.WebApi.csproj", "{09EEEC3B-8E81-4303-A71C-767622CDEAEE}"
EndProject
Global
	GlobalSection(SolutionConfigurationPlatforms) = preSolution
		Debug|Any CPU = Debug|Any CPU
		Release|Any CPU = Release|Any CPU
	EndGlobalSection
	GlobalSection(ProjectConfigurationPlatforms) = postSolution
		{F01FA4E5-D8BA-42F5-BCB0-7CF98E36B0B1}.Debug|Any CPU.ActiveCfg = Debug|Any CPU
		{F01FA4E5-D8BA-42F5-BCB0-7CF98E36B0B1}.Debug|Any CPU.Build.0 = Debug|Any CPU
		{F01FA4E5-D8BA-42F5-BCB0-7CF98E36B0B1}.Release|Any CPU.ActiveCfg = Release|Any CPU
		{F01FA4E5-D8BA-42F5-BCB0-7CF98E36B0B1}.Release|Any CPU.Build.0 = Release|Any CPU
		{853E30C1-F831-4B27-933C-3FACE1DF6899}.Debug|Any CPU.ActiveCfg = Debug|Any CPU
		{853E30C1-F831-4B27-933C-3FACE1DF6899}.Debug|Any CPU.Build.0 = Debug|Any CPU
		{853E30C1-F831-4B27-933C-3FACE1DF6899}.Release|Any CPU.ActiveCfg = Release|Any CPU
		{853E30C1-F831-4B27-933C-3FACE1DF6899}.Release|Any CPU.Build.0 = Release|Any CPU
		{AAF7098E-600A-4350-A2D9-C707DD3AA0B9}.Debug|Any CPU.ActiveCfg = Debug|Any CPU
		{AAF7098E-600A-4350-A2D9-C707DD3AA0B9}.Debug|Any CPU.Build.0 = Debug|Any CPU
		{AAF7098E-600A-4350-A2D9-C707DD3AA0B9}.Release|Any CPU.ActiveCfg = Release|Any CPU
		{AAF7098E-600A-4350-A2D9-C707DD3AA0B9}.Release|Any CPU.Build.0 = Release|Any CPU
		{088BFD81-6409-47D2-85EF-0C9ABDB511F9}.Debug|Any CPU.ActiveCfg = Debug|Any CPU
		{088BFD81-6409-47D2-85EF-0C9ABDB511F9}.Debug|Any CPU.Build.0 = Debug|Any CPU
		{088BFD81-6409-47D2-85EF-0C9ABDB511F9}.Release|Any CPU.ActiveCfg = Release|Any CPU
		{088BFD81-6409-47D2-85EF-0C9ABDB511F9}.Release|Any CPU.Build.0 = Release|Any CPU
		{5BA39830-374C-4461-8CA9-362706F347A9}.Debug|Any CPU.ActiveCfg = Debug|Any CPU
		{5BA39830-374C-4461-8CA9-362706F347A9}.Debug|Any CPU.Build.0 = Debug|Any CPU
		{5BA39830-374C-4461-8CA9-362706F347A9}.Release|Any CPU.ActiveCfg = Release|Any CPU
		{5BA39830-374C-4461-8CA9-362706F347A9}.Release|Any CPU.Build.0 = Release|Any CPU
		{61B6C24E-B359-475C-890F-00AAB909EE14}.Debug|Any CPU.ActiveCfg = Debug|Any CPU
		{61B6C24E-B359-475C-890F-00AAB909EE14}.Debug|Any CPU.Build.0 = Debug|Any CPU
		{61B6C24E-B359-475C-890F-00AAB909EE14}.Release|Any CPU.ActiveCfg = Release|Any CPU
		{61B6C24E-B359-475C-890F-00AAB909EE14}.Release|Any CPU.Build.0 = Release|Any CPU
		{943CEAF3-7475-45CE-B211-ED1110702824}.Debug|Any CPU.ActiveCfg = Debug|Any CPU
		{943CEAF3-7475-45CE-B211-ED1110702824}.Debug|Any CPU.Build.0 = Debug|Any CPU
		{943CEAF3-7475-45CE-B211-ED1110702824}.Release|Any CPU.ActiveCfg = Release|Any CPU
		{943CEAF3-7475-45CE-B211-ED1110702824}.Release|Any CPU.Build.0 = Release|Any CPU
		{D3F94C12-6137-4504-A370-CA69F388D930}.Debug|Any CPU.ActiveCfg = Debug|Any CPU
		{D3F94C12-6137-4504-A370-CA69F388D930}.Debug|Any CPU.Build.0 = Debug|Any CPU
		{D3F94C12-6137-4504-A370-CA69F388D930}.Release|Any CPU.ActiveCfg = Release|Any CPU
		{D3F94C12-6137-4504-A370-CA69F388D930}.Release|Any CPU.Build.0 = Release|Any CPU
		{3B80401D-CDFC-4630-A322-41C4FF4D5FEF}.Debug|Any CPU.ActiveCfg = Debug|Any CPU
		{3B80401D-CDFC-4630-A322-41C4FF4D5FEF}.Debug|Any CPU.Build.0 = Debug|Any CPU
		{3B80401D-CDFC-4630-A322-41C4FF4D5FEF}.Release|Any CPU.ActiveCfg = Release|Any CPU
		{3B80401D-CDFC-4630-A322-41C4FF4D5FEF}.Release|Any CPU.Build.0 = Release|Any CPU
		{E1A4FCB3-5A10-4CEC-9B6F-41B3299253DC}.Debug|Any CPU.ActiveCfg = Debug|Any CPU
		{E1A4FCB3-5A10-4CEC-9B6F-41B3299253DC}.Debug|Any CPU.Build.0 = Debug|Any CPU
		{E1A4FCB3-5A10-4CEC-9B6F-41B3299253DC}.Release|Any CPU.ActiveCfg = Release|Any CPU
		{E1A4FCB3-5A10-4CEC-9B6F-41B3299253DC}.Release|Any CPU.Build.0 = Release|Any CPU
		{B7C59B62-EA28-4BEB-A104-EFFF7F460042}.Debug|Any CPU.ActiveCfg = Debug|Any CPU
		{B7C59B62-EA28-4BEB-A104-EFFF7F460042}.Debug|Any CPU.Build.0 = Debug|Any CPU
		{B7C59B62-EA28-4BEB-A104-EFFF7F460042}.Release|Any CPU.ActiveCfg = Release|Any CPU
		{B7C59B62-EA28-4BEB-A104-EFFF7F460042}.Release|Any CPU.Build.0 = Release|Any CPU
		{43CD3A74-7D33-4520-97CB-A627FCCA13C8}.Debug|Any CPU.ActiveCfg = Debug|Any CPU
		{43CD3A74-7D33-4520-97CB-A627FCCA13C8}.Debug|Any CPU.Build.0 = Debug|Any CPU
		{43CD3A74-7D33-4520-97CB-A627FCCA13C8}.Release|Any CPU.ActiveCfg = Release|Any CPU
		{43CD3A74-7D33-4520-97CB-A627FCCA13C8}.Release|Any CPU.Build.0 = Release|Any CPU
		{E9457430-A666-4791-80C3-9D304C2CA4E2}.Debug|Any CPU.ActiveCfg = Debug|Any CPU
		{E9457430-A666-4791-80C3-9D304C2CA4E2}.Debug|Any CPU.Build.0 = Debug|Any CPU
		{E9457430-A666-4791-80C3-9D304C2CA4E2}.Release|Any CPU.ActiveCfg = Release|Any CPU
		{E9457430-A666-4791-80C3-9D304C2CA4E2}.Release|Any CPU.Build.0 = Release|Any CPU
		{30A7F4E6-7874-4DE4-8C42-4BD6C76B7E6D}.Debug|Any CPU.ActiveCfg = Debug|Any CPU
		{30A7F4E6-7874-4DE4-8C42-4BD6C76B7E6D}.Debug|Any CPU.Build.0 = Debug|Any CPU
		{30A7F4E6-7874-4DE4-8C42-4BD6C76B7E6D}.Release|Any CPU.ActiveCfg = Release|Any CPU
		{30A7F4E6-7874-4DE4-8C42-4BD6C76B7E6D}.Release|Any CPU.Build.0 = Release|Any CPU
		{4C5A583F-733A-4A56-8194-4DA12A3865B1}.Debug|Any CPU.ActiveCfg = Debug|Any CPU
		{4C5A583F-733A-4A56-8194-4DA12A3865B1}.Debug|Any CPU.Build.0 = Debug|Any CPU
		{4C5A583F-733A-4A56-8194-4DA12A3865B1}.Release|Any CPU.ActiveCfg = Release|Any CPU
		{4C5A583F-733A-4A56-8194-4DA12A3865B1}.Release|Any CPU.Build.0 = Release|Any CPU
		{1C15ADF8-61E0-4FB3-97BC-08F9135559F3}.Debug|Any CPU.ActiveCfg = Debug|Any CPU
		{1C15ADF8-61E0-4FB3-97BC-08F9135559F3}.Debug|Any CPU.Build.0 = Debug|Any CPU
		{1C15ADF8-61E0-4FB3-97BC-08F9135559F3}.Release|Any CPU.ActiveCfg = Release|Any CPU
		{1C15ADF8-61E0-4FB3-97BC-08F9135559F3}.Release|Any CPU.Build.0 = Release|Any CPU
		{7AC3399B-C74F-4CCC-A0FD-D4891BEA99A0}.Debug|Any CPU.ActiveCfg = Debug|Any CPU
		{7AC3399B-C74F-4CCC-A0FD-D4891BEA99A0}.Debug|Any CPU.Build.0 = Debug|Any CPU
		{7AC3399B-C74F-4CCC-A0FD-D4891BEA99A0}.Release|Any CPU.ActiveCfg = Release|Any CPU
		{7AC3399B-C74F-4CCC-A0FD-D4891BEA99A0}.Release|Any CPU.Build.0 = Release|Any CPU
		{CAAF1432-F7A4-4128-B003-03A072919F42}.Debug|Any CPU.ActiveCfg = Debug|Any CPU
		{CAAF1432-F7A4-4128-B003-03A072919F42}.Debug|Any CPU.Build.0 = Debug|Any CPU
		{CAAF1432-F7A4-4128-B003-03A072919F42}.Release|Any CPU.ActiveCfg = Release|Any CPU
		{CAAF1432-F7A4-4128-B003-03A072919F42}.Release|Any CPU.Build.0 = Release|Any CPU
		{2E6F229E-2807-41CA-A869-365A356B825F}.Debug|Any CPU.ActiveCfg = Debug|Any CPU
		{2E6F229E-2807-41CA-A869-365A356B825F}.Debug|Any CPU.Build.0 = Debug|Any CPU
		{2E6F229E-2807-41CA-A869-365A356B825F}.Release|Any CPU.ActiveCfg = Release|Any CPU
		{2E6F229E-2807-41CA-A869-365A356B825F}.Release|Any CPU.Build.0 = Release|Any CPU
		{09EEEC3B-8E81-4303-A71C-767622CDEAEE}.Debug|Any CPU.ActiveCfg = Debug|Any CPU
		{09EEEC3B-8E81-4303-A71C-767622CDEAEE}.Debug|Any CPU.Build.0 = Debug|Any CPU
		{09EEEC3B-8E81-4303-A71C-767622CDEAEE}.Release|Any CPU.ActiveCfg = Release|Any CPU
		{09EEEC3B-8E81-4303-A71C-767622CDEAEE}.Release|Any CPU.Build.0 = Release|Any CPU
	EndGlobalSection
	GlobalSection(SolutionProperties) = preSolution
		HideSolutionNode = FALSE
	EndGlobalSection
	GlobalSection(NestedProjects) = preSolution
		{F01FA4E5-D8BA-42F5-BCB0-7CF98E36B0B1} = {7266C612-11E4-45D5-9FE6-77EBF10E5B91}
		{853E30C1-F831-4B27-933C-3FACE1DF6899} = {7266C612-11E4-45D5-9FE6-77EBF10E5B91}
		{AAF7098E-600A-4350-A2D9-C707DD3AA0B9} = {7C2197C6-8D8C-4689-A089-0C8E8A740538}
		{9F8587DA-D7B5-4AE6-9E2D-10BC517BBAEF} = {7C2197C6-8D8C-4689-A089-0C8E8A740538}
		{088BFD81-6409-47D2-85EF-0C9ABDB511F9} = {9F8587DA-D7B5-4AE6-9E2D-10BC517BBAEF}
		{5BA39830-374C-4461-8CA9-362706F347A9} = {9F8587DA-D7B5-4AE6-9E2D-10BC517BBAEF}
		{61B6C24E-B359-475C-890F-00AAB909EE14} = {9F8587DA-D7B5-4AE6-9E2D-10BC517BBAEF}
		{943CEAF3-7475-45CE-B211-ED1110702824} = {727D2B63-3BF7-4F3B-8B42-5F80D06086FD}
		{D3F94C12-6137-4504-A370-CA69F388D930} = {727D2B63-3BF7-4F3B-8B42-5F80D06086FD}
		{3B80401D-CDFC-4630-A322-41C4FF4D5FEF} = {9E1DF54D-30E8-48BD-BB3F-05EBFFE137D5}
		{E1A4FCB3-5A10-4CEC-9B6F-41B3299253DC} = {7C2197C6-8D8C-4689-A089-0C8E8A740538}
		{B7C59B62-EA28-4BEB-A104-EFFF7F460042} = {9E1DF54D-30E8-48BD-BB3F-05EBFFE137D5}
		{43CD3A74-7D33-4520-97CB-A627FCCA13C8} = {CC28BFD1-4A87-4DD0-AA14-0537297508C4}
		{E9457430-A666-4791-80C3-9D304C2CA4E2} = {727D2B63-3BF7-4F3B-8B42-5F80D06086FD}
		{30A7F4E6-7874-4DE4-8C42-4BD6C76B7E6D} = {CC28BFD1-4A87-4DD0-AA14-0537297508C4}
		{4C5A583F-733A-4A56-8194-4DA12A3865B1} = {CC28BFD1-4A87-4DD0-AA14-0537297508C4}
		{1C15ADF8-61E0-4FB3-97BC-08F9135559F3} = {CC28BFD1-4A87-4DD0-AA14-0537297508C4}
		{7AC3399B-C74F-4CCC-A0FD-D4891BEA99A0} = {9E1DF54D-30E8-48BD-BB3F-05EBFFE137D5}
		{CAAF1432-F7A4-4128-B003-03A072919F42} = {7C2197C6-8D8C-4689-A089-0C8E8A740538}
		{2E6F229E-2807-41CA-A869-365A356B825F} = {87F4978F-4528-4AC1-AFCE-547BFCD98255}
		{09EEEC3B-8E81-4303-A71C-767622CDEAEE} = {7266C612-11E4-45D5-9FE6-77EBF10E5B91}
	EndGlobalSection
	GlobalSection(ExtensibilityGlobals) = postSolution
		SolutionGuid = {949171E4-58B1-43ED-9124-A22355A61DD5}
	EndGlobalSection
EndGlobal
